
Microsoft Visual Studio Solution File, Format Version 12.00
# Visual Studio 15
VisualStudioVersion = 15.0.28307.421
MinimumVisualStudioVersion = 10.0.40219.1
Project("{FAE04EC0-301F-11D3-BF4B-00C04F79EFBC}") = "DesignDocumentDesignersharp", "DesignDocumentDesignersharp\DesignDocumentDesignersharp.csproj", "{A5C17A43-FC7D-40AC-8DDD-421004B15FA1}"
EndProject
Global
	GlobalSection(SolutionConfigurationPlatforms) = preSolution
		Debug|Any CPU = Debug|Any CPU
		Release|Any CPU = Release|Any CPU
	EndGlobalSection
	GlobalSection(ProjectConfigurationPlatforms) = postSolution
		{A5C17A43-FC7D-40AC-8DDD-421004B15FA1}.Debug|Any CPU.ActiveCfg = Debug|Any CPU
		{A5C17A43-FC7D-40AC-8DDD-421004B15FA1}.Debug|Any CPU.Build.0 = Debug|Any CPU
		{A5C17A43-FC7D-40AC-8DDD-421004B15FA1}.Release|Any CPU.ActiveCfg = Release|Any CPU
		{A5C17A43-FC7D-40AC-8DDD-421004B15FA1}.Release|Any CPU.Build.0 = Release|Any CPU
	EndGlobalSection
	GlobalSection(SolutionProperties) = preSolution
		HideSolutionNode = FALSE
	EndGlobalSection
	GlobalSection(ExtensibilityGlobals) = postSolution
		SolutionGuid = {BA3E7169-4A53-4AFA-8586-6FD240667022}
	EndGlobalSection
EndGlobal
